
Microsoft Visual Studio Solution File, Format Version 12.00
# Visual Studio Version 16
VisualStudioVersion = 16.0.30114.105
MinimumVisualStudioVersion = 10.0.40219.1
Project("{2150E333-8FDC-42A3-9474-1A3956D46DE8}") = "src", "src", "{DFA24823-11BD-4D3A-BDEA-EC176C51F23B}"
EndProject
Project("{F2A71F9B-5D33-465A-A702-920D77279786}") = "Day01", "src\Day01\Day01.fsproj", "{5A79111E-01B2-41B0-BCFD-2E9D0009437A}"
EndProject
Global
	GlobalSection(SolutionConfigurationPlatforms) = preSolution
		Debug|Any CPU = Debug|Any CPU
		Release|Any CPU = Release|Any CPU
	EndGlobalSection
	GlobalSection(SolutionProperties) = preSolution
		HideSolutionNode = FALSE
	EndGlobalSection
	GlobalSection(ProjectConfigurationPlatforms) = postSolution
		{5A79111E-01B2-41B0-BCFD-2E9D0009437A}.Debug|Any CPU.ActiveCfg = Debug|Any CPU
		{5A79111E-01B2-41B0-BCFD-2E9D0009437A}.Debug|Any CPU.Build.0 = Debug|Any CPU
		{5A79111E-01B2-41B0-BCFD-2E9D0009437A}.Release|Any CPU.ActiveCfg = Release|Any CPU
		{5A79111E-01B2-41B0-BCFD-2E9D0009437A}.Release|Any CPU.Build.0 = Release|Any CPU
	EndGlobalSection
	GlobalSection(NestedProjects) = preSolution
		{5A79111E-01B2-41B0-BCFD-2E9D0009437A} = {DFA24823-11BD-4D3A-BDEA-EC176C51F23B}
	EndGlobalSection
EndGlobal
